
Microsoft Visual Studio Solution File, Format Version 12.00
# Visual Studio Version 16
VisualStudioVersion = 16.0.29201.188
MinimumVisualStudioVersion = 10.0.40219.1
Project("{FAE04EC0-301F-11D3-BF4B-00C04F79EFBC}") = "Practica3_4", "Practica3_4.csproj", "{1E1108D0-42F1-4DB8-B8A2-75B5F34B3EF3}"
EndProject
Project("{FAE04EC0-301F-11D3-BF4B-00C04F79EFBC}") = "BankUnitTest", "BankUnitTest\BankUnitTest.csproj", "{EF598F3E-27C1-4DF3-8CD4-4A60F005ADDA}"
EndProject
Global
	GlobalSection(SolutionConfigurationPlatforms) = preSolution
		Debug|Any CPU = Debug|Any CPU
		Release|Any CPU = Release|Any CPU
	EndGlobalSection
	GlobalSection(ProjectConfigurationPlatforms) = postSolution
		{1E1108D0-42F1-4DB8-B8A2-75B5F34B3EF3}.Debug|Any CPU.ActiveCfg = Debug|Any CPU
		{1E1108D0-42F1-4DB8-B8A2-75B5F34B3EF3}.Debug|Any CPU.Build.0 = Debug|Any CPU
		{1E1108D0-42F1-4DB8-B8A2-75B5F34B3EF3}.Release|Any CPU.ActiveCfg = Release|Any CPU
		{1E1108D0-42F1-4DB8-B8A2-75B5F34B3EF3}.Release|Any CPU.Build.0 = Release|Any CPU
		{EF598F3E-27C1-4DF3-8CD4-4A60F005ADDA}.Debug|Any CPU.ActiveCfg = Debug|Any CPU
		{EF598F3E-27C1-4DF3-8CD4-4A60F005ADDA}.Debug|Any CPU.Build.0 = Debug|Any CPU
		{EF598F3E-27C1-4DF3-8CD4-4A60F005ADDA}.Release|Any CPU.ActiveCfg = Release|Any CPU
		{EF598F3E-27C1-4DF3-8CD4-4A60F005ADDA}.Release|Any CPU.Build.0 = Release|Any CPU
	EndGlobalSection
	GlobalSection(SolutionProperties) = preSolution
		HideSolutionNode = FALSE
	EndGlobalSection
	GlobalSection(ExtensibilityGlobals) = postSolution
		SolutionGuid = {416BB2AB-5FC9-44D0-A13C-EF83A8380B30}
	EndGlobalSection
EndGlobal
